// !$*UTF8*$!
{
	archiveVersion = 1;
	classes = {
	};
	objectVersion = 55;
	objects = {

/* Begin PBXBuildFile section */
		430D1A10299C2B9200FD43EC /* AnimEarnedAlert.swift in Sources */ = {isa = PBXBuildFile; fileRef = 430D1A0F299C2B9200FD43EC /* AnimEarnedAlert.swift */; };
		430D1A12299D536200FD43EC /* DMSans-Medium.ttf in Resources */ = {isa = PBXBuildFile; fileRef = 430D1A11299D536200FD43EC /* DMSans-Medium.ttf */; };
		430D1A15299D6D8600FD43EC /* ProfilePage.swift in Sources */ = {isa = PBXBuildFile; fileRef = 430D1A14299D6D8600FD43EC /* ProfilePage.swift */; };
		4355DEA9299178B200C388A4 /* IconModel.swift in Sources */ = {isa = PBXBuildFile; fileRef = 4355DEA8299178B200C388A4 /* IconModel.swift */; };
		4355DEAB299178EF00C388A4 /* IconVM.swift in Sources */ = {isa = PBXBuildFile; fileRef = 4355DEAA299178EF00C388A4 /* IconVM.swift */; };
		4355DEAD299193FC00C388A4 /* DismissButton.swift in Sources */ = {isa = PBXBuildFile; fileRef = 4355DEAC299193FC00C388A4 /* DismissButton.swift */; };
		435E401F29DC7D170063AD4B /* UsernameInput.swift in Sources */ = {isa = PBXBuildFile; fileRef = 435E401E29DC7D170063AD4B /* UsernameInput.swift */; };
		435E402129DC9C4D0063AD4B /* PostView.swift in Sources */ = {isa = PBXBuildFile; fileRef = 435E402029DC9C4D0063AD4B /* PostView.swift */; };
		435E402829DCEAA50063AD4B /* ViewOffsetKey.swift in Sources */ = {isa = PBXBuildFile; fileRef = 435E402729DCEAA50063AD4B /* ViewOffsetKey.swift */; };
		435E402B29DDCA170063AD4B /* CommentsView.swift in Sources */ = {isa = PBXBuildFile; fileRef = 435E402A29DDCA170063AD4B /* CommentsView.swift */; };
		435E402D29DDCD120063AD4B /* DateExtensions.swift in Sources */ = {isa = PBXBuildFile; fileRef = 435E402C29DDCD120063AD4B /* DateExtensions.swift */; };
		435E403029DDFC510063AD4B /* CreatePostButton.swift in Sources */ = {isa = PBXBuildFile; fileRef = 435E402F29DDFC510063AD4B /* CreatePostButton.swift */; };
		435E403229DF7EE40063AD4B /* SearchUserPage.swift in Sources */ = {isa = PBXBuildFile; fileRef = 435E403129DF7EE40063AD4B /* SearchUserPage.swift */; };
		4387FE2129A7CA9B005C2464 /* SearchLoadingScreen.swift in Sources */ = {isa = PBXBuildFile; fileRef = 4387FE2029A7CA9B005C2464 /* SearchLoadingScreen.swift */; };
		4387FE2329A7D470005C2464 /* AnimScroller.swift in Sources */ = {isa = PBXBuildFile; fileRef = 4387FE2229A7D470005C2464 /* AnimScroller.swift */; };
		43AE49D729DB595600C43E2E /* CreatePostView.swift in Sources */ = {isa = PBXBuildFile; fileRef = 43AE49D629DB595600C43E2E /* CreatePostView.swift */; };
		43AE49DA29DB5E9E00C43E2E /* URLPreview.swift in Sources */ = {isa = PBXBuildFile; fileRef = 43AE49D929DB5E9E00C43E2E /* URLPreview.swift */; };
		43C035AE29AE6F9D00FB9A43 /* IncorrectInfoView.swift in Sources */ = {isa = PBXBuildFile; fileRef = 43C035AD29AE6F9D00FB9A43 /* IncorrectInfoView.swift */; };
		43C035B029AE7FF300FB9A43 /* Toast.swift in Sources */ = {isa = PBXBuildFile; fileRef = 43C035AF29AE7FF300FB9A43 /* Toast.swift */; };
		43C035BB29B14D3600FB9A43 /* CameraTabsOverlay.swift in Sources */ = {isa = PBXBuildFile; fileRef = 43C035BA29B14D3600FB9A43 /* CameraTabsOverlay.swift */; };
		43C0361229B917A600FB9A43 /* TransitionExtensions.swift in Sources */ = {isa = PBXBuildFile; fileRef = 43C0361129B917A600FB9A43 /* TransitionExtensions.swift */; };
		43E23AA529941C3A00DC1B9B /* Launch Screen.storyboard in Resources */ = {isa = PBXBuildFile; fileRef = 43E23AA429941C3A00DC1B9B /* Launch Screen.storyboard */; };
		43E3F17529E6102000926B50 /* PublicProfile.swift in Sources */ = {isa = PBXBuildFile; fileRef = 43E3F17429E6102000926B50 /* PublicProfile.swift */; };
		43E3F17729E6219900926B50 /* FollowRequestRowView.swift in Sources */ = {isa = PBXBuildFile; fileRef = 43E3F17629E6219900926B50 /* FollowRequestRowView.swift */; };
		43E3F17929E8787F00926B50 /* FollowingListView.swift in Sources */ = {isa = PBXBuildFile; fileRef = 43E3F17829E8787F00926B50 /* FollowingListView.swift */; };
		43E3F17B29E87D4D00926B50 /* FollowingListItem.swift in Sources */ = {isa = PBXBuildFile; fileRef = 43E3F17A29E87D4D00926B50 /* FollowingListItem.swift */; };
		43E3F17D29E87FC600926B50 /* FollowerListView.swift in Sources */ = {isa = PBXBuildFile; fileRef = 43E3F17C29E87FC600926B50 /* FollowerListView.swift */; };
		43E3F17F29E8812A00926B50 /* FollowerListItem.swift in Sources */ = {isa = PBXBuildFile; fileRef = 43E3F17E29E8812A00926B50 /* FollowerListItem.swift */; };
		43E4B775297F02C000538495 /* PagingView.swift in Sources */ = {isa = PBXBuildFile; fileRef = 43E4B774297F02C000538495 /* PagingView.swift */; };
		43E4B777297F18C800538495 /* InstructionSlider.swift in Sources */ = {isa = PBXBuildFile; fileRef = 43E4B776297F18C800538495 /* InstructionSlider.swift */; };
		43E4B77929808EF100538495 /* UserViewModel.swift in Sources */ = {isa = PBXBuildFile; fileRef = 43E4B77829808EF100538495 /* UserViewModel.swift */; };
		43E4B77B2980969E00538495 /* DragGestures.swift in Sources */ = {isa = PBXBuildFile; fileRef = 43E4B77A2980969E00538495 /* DragGestures.swift */; };
		43E4B77D29809A6800538495 /* GoogleService-Info.plist in Resources */ = {isa = PBXBuildFile; fileRef = 43E4B77C29809A6800538495 /* GoogleService-Info.plist */; };
		43E4B7802980B5CD00538495 /* FirebaseAnalytics in Frameworks */ = {isa = PBXBuildFile; productRef = 43E4B77F2980B5CD00538495 /* FirebaseAnalytics */; };
		43E4B7822980B5CD00538495 /* FirebaseAuth in Frameworks */ = {isa = PBXBuildFile; productRef = 43E4B7812980B5CD00538495 /* FirebaseAuth */; };
		43E4B7842980B5CD00538495 /* FirebaseDatabase in Frameworks */ = {isa = PBXBuildFile; productRef = 43E4B7832980B5CD00538495 /* FirebaseDatabase */; };
		43E4B7862980B5CD00538495 /* FirebaseFirestore in Frameworks */ = {isa = PBXBuildFile; productRef = 43E4B7852980B5CD00538495 /* FirebaseFirestore */; };
		43E4B7882980B5CD00538495 /* FirebaseFirestoreSwift in Frameworks */ = {isa = PBXBuildFile; productRef = 43E4B7872980B5CD00538495 /* FirebaseFirestoreSwift */; };
		43E4B78B2980B88600538495 /* User.swift in Sources */ = {isa = PBXBuildFile; fileRef = 43E4B78A2980B88600538495 /* User.swift */; };
		43E4B78E29830A0500538495 /* FirestoreRequests.swift in Sources */ = {isa = PBXBuildFile; fileRef = 43E4B78D29830A0500538495 /* FirestoreRequests.swift */; };
		43E4B7902984407100538495 /* GradeAlertView.swift in Sources */ = {isa = PBXBuildFile; fileRef = 43E4B78F2984407100538495 /* GradeAlertView.swift */; };
		43E4B7922984547300538495 /* SearchResultButton.swift in Sources */ = {isa = PBXBuildFile; fileRef = 43E4B7912984547300538495 /* SearchResultButton.swift */; };
		43ECC6B429DB2A35000E0497 /* Post.swift in Sources */ = {isa = PBXBuildFile; fileRef = 43ECC6B329DB2A35000E0497 /* Post.swift */; };
		43ECC6B629DB2AC5000E0497 /* Comment.swift in Sources */ = {isa = PBXBuildFile; fileRef = 43ECC6B529DB2AC5000E0497 /* Comment.swift */; };
		43ECC6B929DB3B01000E0497 /* ExplorePage.swift in Sources */ = {isa = PBXBuildFile; fileRef = 43ECC6B829DB3B01000E0497 /* ExplorePage.swift */; };
		43ECC6BB29DB3F32000E0497 /* ExploreToggle.swift in Sources */ = {isa = PBXBuildFile; fileRef = 43ECC6BA29DB3F32000E0497 /* ExploreToggle.swift */; };
		43ECC6BF29DB3F50000E0497 /* ExploreViewModel.swift in Sources */ = {isa = PBXBuildFile; fileRef = 43ECC6BE29DB3F50000E0497 /* ExploreViewModel.swift */; };
		8815B0A129402D9B007FBB17 /* LoginPage.swift in Sources */ = {isa = PBXBuildFile; fileRef = 8815B0A029402D9B007FBB17 /* LoginPage.swift */; };
		8815B0A3294034FB007FBB17 /* SignUpPage.swift in Sources */ = {isa = PBXBuildFile; fileRef = 8815B0A2294034FB007FBB17 /* SignUpPage.swift */; };
		8815B0AC29422FD3007FBB17 /* FoodItem.swift in Sources */ = {isa = PBXBuildFile; fileRef = 8815B0AB29422FD3007FBB17 /* FoodItem.swift */; };
		8815B0AE2942716B007FBB17 /* OpenFoodResult.swift in Sources */ = {isa = PBXBuildFile; fileRef = 8815B0AD2942716B007FBB17 /* OpenFoodResult.swift */; };
		8827E2F829E0F51600198CFD /* MacrosView.swift in Sources */ = {isa = PBXBuildFile; fileRef = 8827E2F729E0F51600198CFD /* MacrosView.swift */; };
		882D1DCA29393F1A002EFDC8 /* AnimApp.swift in Sources */ = {isa = PBXBuildFile; fileRef = 882D1DC929393F1A002EFDC8 /* AnimApp.swift */; };
		882D1DCC29393F1A002EFDC8 /* ContentView.swift in Sources */ = {isa = PBXBuildFile; fileRef = 882D1DCB29393F1A002EFDC8 /* ContentView.swift */; };
		882D1DCE29393F1A002EFDC8 /* Assets.xcassets in Resources */ = {isa = PBXBuildFile; fileRef = 882D1DCD29393F1A002EFDC8 /* Assets.xcassets */; };
		882D1DD129393F1A002EFDC8 /* Preview Assets.xcassets in Resources */ = {isa = PBXBuildFile; fileRef = 882D1DD029393F1A002EFDC8 /* Preview Assets.xcassets */; };
		882D1DD929394613002EFDC8 /* Alamofire in Frameworks */ = {isa = PBXBuildFile; productRef = 882D1DD829394613002EFDC8 /* Alamofire */; };
		882D1DDC29394633002EFDC8 /* CachedAsyncImage in Frameworks */ = {isa = PBXBuildFile; productRef = 882D1DDB29394633002EFDC8 /* CachedAsyncImage */; };
		882D1DE2293947DB002EFDC8 /* NetworkRequests.swift in Sources */ = {isa = PBXBuildFile; fileRef = 882D1DE1293947DB002EFDC8 /* NetworkRequests.swift */; };
		882D1DEE29394978002EFDC8 /* CameraViewModel.swift in Sources */ = {isa = PBXBuildFile; fileRef = 882D1DED29394978002EFDC8 /* CameraViewModel.swift */; };
		882D1DF029394992002EFDC8 /* NavModel.swift in Sources */ = {isa = PBXBuildFile; fileRef = 882D1DEF29394992002EFDC8 /* NavModel.swift */; };
		882D1DF429394A99002EFDC8 /* CameraView.swift in Sources */ = {isa = PBXBuildFile; fileRef = 882D1DF329394A99002EFDC8 /* CameraView.swift */; };
		882D1DF629394AD6002EFDC8 /* DataScannerView.swift in Sources */ = {isa = PBXBuildFile; fileRef = 882D1DF529394AD6002EFDC8 /* DataScannerView.swift */; };
		882D1DF829394B02002EFDC8 /* ViewExtensions.swift in Sources */ = {isa = PBXBuildFile; fileRef = 882D1DF729394B02002EFDC8 /* ViewExtensions.swift */; };
		882D1DFA29394B3C002EFDC8 /* PillTabBar.swift in Sources */ = {isa = PBXBuildFile; fileRef = 882D1DF929394B3C002EFDC8 /* PillTabBar.swift */; };
		882D1DFC29394B69002EFDC8 /* Placeholder.swift in Sources */ = {isa = PBXBuildFile; fileRef = 882D1DFB29394B69002EFDC8 /* Placeholder.swift */; };
		882D1E0329394CE4002EFDC8 /* SearchPage.swift in Sources */ = {isa = PBXBuildFile; fileRef = 882D1E0229394CE4002EFDC8 /* SearchPage.swift */; };
		882D552D29D7556300487B46 /* RingView.swift in Sources */ = {isa = PBXBuildFile; fileRef = 882D552C29D7556300487B46 /* RingView.swift */; };
		88339D2E29DDEB8E0033B990 /* RecentSearchView.swift in Sources */ = {isa = PBXBuildFile; fileRef = 88339D2D29DDEB8E0033B990 /* RecentSearchView.swift */; };
		88339D3029DE1DC40033B990 /* Banner.swift in Sources */ = {isa = PBXBuildFile; fileRef = 88339D2F29DE1DC40033B990 /* Banner.swift */; };
		88339D3229DE398C0033B990 /* ProfileView.swift in Sources */ = {isa = PBXBuildFile; fileRef = 88339D3129DE398C0033B990 /* ProfileView.swift */; };
		884490EC29B3EDE200C7BA07 /* AllergenButton.swift in Sources */ = {isa = PBXBuildFile; fileRef = 884490EB29B3EDE200C7BA07 /* AllergenButton.swift */; };
		884490EE29B3F88D00C7BA07 /* UserFilterModelView.swift in Sources */ = {isa = PBXBuildFile; fileRef = 884490ED29B3F88D00C7BA07 /* UserFilterModelView.swift */; };
		88607D52294C5BEB00602FE3 /* ProfileMenu.swift in Sources */ = {isa = PBXBuildFile; fileRef = 88607D51294C5BEB00602FE3 /* ProfileMenu.swift */; };
		88607D56294CFA6900602FE3 /* Favorites.swift in Sources */ = {isa = PBXBuildFile; fileRef = 88607D55294CFA6900602FE3 /* Favorites.swift */; };
		8864360E2994AD4100FB28D4 /* FavoritesButton.swift in Sources */ = {isa = PBXBuildFile; fileRef = 8864360D2994AD4100FB28D4 /* FavoritesButton.swift */; };
		88902BCF29C13D5B001D41FD /* AllergensView.swift in Sources */ = {isa = PBXBuildFile; fileRef = 88902BCE29C13D5B001D41FD /* AllergensView.swift */; };
		88902BD129C13E6C001D41FD /* AllergensViewButton.swift in Sources */ = {isa = PBXBuildFile; fileRef = 88902BD029C13E6C001D41FD /* AllergensViewButton.swift */; };
		88902BD329C14287001D41FD /* ListsView.swift in Sources */ = {isa = PBXBuildFile; fileRef = 88902BD229C14287001D41FD /* ListsView.swift */; };
		88A6415B29D1FBCD0004E5C3 /* FoodLogView.swift in Sources */ = {isa = PBXBuildFile; fileRef = 88A6415A29D1FBCD0004E5C3 /* FoodLogView.swift */; };
		88BE1515294BB2B8001AE321 /* Ingredient.swift in Sources */ = {isa = PBXBuildFile; fileRef = 88BE1514294BB2B8001AE321 /* Ingredient.swift */; };
		88BE1517294BB2CD001AE321 /* NutrientLevels.swift in Sources */ = {isa = PBXBuildFile; fileRef = 88BE1516294BB2CD001AE321 /* NutrientLevels.swift */; };
		88BE1519294BB2E1001AE321 /* Nutriments.swift in Sources */ = {isa = PBXBuildFile; fileRef = 88BE1518294BB2E1001AE321 /* Nutriments.swift */; };
		88BE151B294BB2FC001AE321 /* Product.swift in Sources */ = {isa = PBXBuildFile; fileRef = 88BE151A294BB2FC001AE321 /* Product.swift */; };
		88BE151D294BB321001AE321 /* ScannedBarcode.swift in Sources */ = {isa = PBXBuildFile; fileRef = 88BE151C294BB321001AE321 /* ScannedBarcode.swift */; };
		88BE151F294BB351001AE321 /* FoodViewModel.swift in Sources */ = {isa = PBXBuildFile; fileRef = 88BE151E294BB351001AE321 /* FoodViewModel.swift */; };
		88BE1524294BB3C2001AE321 /* IngredientsList.swift in Sources */ = {isa = PBXBuildFile; fileRef = 88BE1523294BB3C2001AE321 /* IngredientsList.swift */; };
		88BE1526294BB3E1001AE321 /* NutrientsPage.swift in Sources */ = {isa = PBXBuildFile; fileRef = 88BE1525294BB3E1001AE321 /* NutrientsPage.swift */; };
		88BE1528294BB41A001AE321 /* TagAlertView.swift in Sources */ = {isa = PBXBuildFile; fileRef = 88BE1527294BB41A001AE321 /* TagAlertView.swift */; };
		88BE152A294BB42B001AE321 /* Allergens.swift in Sources */ = {isa = PBXBuildFile; fileRef = 88BE1529294BB42B001AE321 /* Allergens.swift */; };
		88BE152C294BB44E001AE321 /* GradeOverlay.swift in Sources */ = {isa = PBXBuildFile; fileRef = 88BE152B294BB44E001AE321 /* GradeOverlay.swift */; };
		88BE1530294BB478001AE321 /* NutrientTag.swift in Sources */ = {isa = PBXBuildFile; fileRef = 88BE152F294BB478001AE321 /* NutrientTag.swift */; };
		88BE1532294BB495001AE321 /* NutrientTagsList.swift in Sources */ = {isa = PBXBuildFile; fileRef = 88BE1531294BB495001AE321 /* NutrientTagsList.swift */; };
		88BE153D294BBD6E001AE321 /* NavButton.swift in Sources */ = {isa = PBXBuildFile; fileRef = 88BE153C294BBD6E001AE321 /* NavButton.swift */; };
		88C76D3D29A8826300289E57 /* FilterModalView.swift in Sources */ = {isa = PBXBuildFile; fileRef = 88C76D3C29A8826300289E57 /* FilterModalView.swift */; };
		88C76D4129AC55F000289E57 /* GradeButton.swift in Sources */ = {isa = PBXBuildFile; fileRef = 88C76D4029AC55F000289E57 /* GradeButton.swift */; };
		88C76D4329AC6F6B00289E57 /* GeoButton.swift in Sources */ = {isa = PBXBuildFile; fileRef = 88C76D4229AC6F6B00289E57 /* GeoButton.swift */; };
		88CB207929DFDE17009E6F77 /* UserNavTitle.swift in Sources */ = {isa = PBXBuildFile; fileRef = 88CB207829DFDE17009E6F77 /* UserNavTitle.swift */; };
		88CB6AAB29889F8000184BC2 /* GoogleSignInButton.swift in Sources */ = {isa = PBXBuildFile; fileRef = 88CB6AAA29889F8000184BC2 /* GoogleSignInButton.swift */; };
		88CB6AAE2988A0B000184BC2 /* GoogleSignIn in Frameworks */ = {isa = PBXBuildFile; productRef = 88CB6AAD2988A0B000184BC2 /* GoogleSignIn */; };
		88CE3C2029E0B5F2009E5FF3 /* FoodPage.swift in Sources */ = {isa = PBXBuildFile; fileRef = 88CE3C1F29E0B5F2009E5FF3 /* FoodPage.swift */; };
		88CE3C2329E0B696009E5FF3 /* FoodInfoView.swift in Sources */ = {isa = PBXBuildFile; fileRef = 88CE3C2229E0B696009E5FF3 /* FoodInfoView.swift */; };
		88CE3C2529E0B713009E5FF3 /* ProductImage.swift in Sources */ = {isa = PBXBuildFile; fileRef = 88CE3C2429E0B713009E5FF3 /* ProductImage.swift */; };
		88CE3C2729E0B77C009E5FF3 /* FoodButtonView.swift in Sources */ = {isa = PBXBuildFile; fileRef = 88CE3C2629E0B77C009E5FF3 /* FoodButtonView.swift */; };
		88CE3C2929E0BC99009E5FF3 /* Ingredients.swift in Sources */ = {isa = PBXBuildFile; fileRef = 88CE3C2829E0BC99009E5FF3 /* Ingredients.swift */; };
		88CE67E329D38045000FF59A /* Nutrition.swift in Sources */ = {isa = PBXBuildFile; fileRef = 88CE67E229D38045000FF59A /* Nutrition.swift */; };
		88CE67E529D3FEB4000FF59A /* FoodLogInputView.swift in Sources */ = {isa = PBXBuildFile; fileRef = 88CE67E429D3FEB4000FF59A /* FoodLogInputView.swift */; };
		88DA93812971EB6100674DB9 /* ProfileMenuViewModel.swift in Sources */ = {isa = PBXBuildFile; fileRef = 88DA93802971EB6100674DB9 /* ProfileMenuViewModel.swift */; };
		88DAABA429505DE4001E0AC6 /* AnimManager.swift in Sources */ = {isa = PBXBuildFile; fileRef = 88DAABA329505DE4001E0AC6 /* AnimManager.swift */; };
		88DBFEEA29C4E716007C6E93 /* Fridge.swift in Sources */ = {isa = PBXBuildFile; fileRef = 88DBFEE929C4E716007C6E93 /* Fridge.swift */; };
		88DBFEEC29C4E9FE007C6E93 /* CameraMenu.swift in Sources */ = {isa = PBXBuildFile; fileRef = 88DBFEEB29C4E9FE007C6E93 /* CameraMenu.swift */; };
		88DF4F8029E3413B00CA4EE7 /* FavoriteFoodButton.swift in Sources */ = {isa = PBXBuildFile; fileRef = 88DF4F7F29E3413B00CA4EE7 /* FavoriteFoodButton.swift */; };
		88DF4F8429E3483900CA4EE7 /* URLPreview2.swift in Sources */ = {isa = PBXBuildFile; fileRef = 88DF4F8329E3483900CA4EE7 /* URLPreview2.swift */; };
		88E0412A298DD02800E4C823 /* Notifications.swift in Sources */ = {isa = PBXBuildFile; fileRef = 88E04129298DD02800E4C823 /* Notifications.swift */; };
		88E0D83E29DF33AA00514A0B /* UserStats.swift in Sources */ = {isa = PBXBuildFile; fileRef = 88E0D83D29DF33AA00514A0B /* UserStats.swift */; };
		88FB08DD29DC999500596AF5 /* Search2.swift in Sources */ = {isa = PBXBuildFile; fileRef = 88FB08DC29DC999500596AF5 /* Search2.swift */; };
		88FC1D8E29E4764200814F22 /* MenuButtonStyle.swift in Sources */ = {isa = PBXBuildFile; fileRef = 88FC1D8D29E4764200814F22 /* MenuButtonStyle.swift */; };
/* End PBXBuildFile section */

/* Begin PBXFileReference section */
		430D1A0F299C2B9200FD43EC /* AnimEarnedAlert.swift */ = {isa = PBXFileReference; lastKnownFileType = sourcecode.swift; path = AnimEarnedAlert.swift; sourceTree = "<group>"; };
		430D1A11299D536200FD43EC /* DMSans-Medium.ttf */ = {isa = PBXFileReference; lastKnownFileType = file; path = "DMSans-Medium.ttf"; sourceTree = "<group>"; };
		430D1A14299D6D8600FD43EC /* ProfilePage.swift */ = {isa = PBXFileReference; lastKnownFileType = sourcecode.swift; path = ProfilePage.swift; sourceTree = "<group>"; };
		4355DEA8299178B200C388A4 /* IconModel.swift */ = {isa = PBXFileReference; lastKnownFileType = sourcecode.swift; path = IconModel.swift; sourceTree = "<group>"; };
		4355DEAA299178EF00C388A4 /* IconVM.swift */ = {isa = PBXFileReference; lastKnownFileType = sourcecode.swift; path = IconVM.swift; sourceTree = "<group>"; };
		4355DEAC299193FC00C388A4 /* DismissButton.swift */ = {isa = PBXFileReference; lastKnownFileType = sourcecode.swift; path = DismissButton.swift; sourceTree = "<group>"; };
		435E401E29DC7D170063AD4B /* UsernameInput.swift */ = {isa = PBXFileReference; lastKnownFileType = sourcecode.swift; path = UsernameInput.swift; sourceTree = "<group>"; };
		435E402029DC9C4D0063AD4B /* PostView.swift */ = {isa = PBXFileReference; lastKnownFileType = sourcecode.swift; path = PostView.swift; sourceTree = "<group>"; };
		435E402729DCEAA50063AD4B /* ViewOffsetKey.swift */ = {isa = PBXFileReference; lastKnownFileType = sourcecode.swift; path = ViewOffsetKey.swift; sourceTree = "<group>"; };
		435E402A29DDCA170063AD4B /* CommentsView.swift */ = {isa = PBXFileReference; lastKnownFileType = sourcecode.swift; path = CommentsView.swift; sourceTree = "<group>"; };
		435E402C29DDCD120063AD4B /* DateExtensions.swift */ = {isa = PBXFileReference; lastKnownFileType = sourcecode.swift; path = DateExtensions.swift; sourceTree = "<group>"; };
		435E402F29DDFC510063AD4B /* CreatePostButton.swift */ = {isa = PBXFileReference; lastKnownFileType = sourcecode.swift; path = CreatePostButton.swift; sourceTree = "<group>"; };
		435E403129DF7EE40063AD4B /* SearchUserPage.swift */ = {isa = PBXFileReference; lastKnownFileType = sourcecode.swift; path = SearchUserPage.swift; sourceTree = "<group>"; };
		4387FE2029A7CA9B005C2464 /* SearchLoadingScreen.swift */ = {isa = PBXFileReference; lastKnownFileType = sourcecode.swift; path = SearchLoadingScreen.swift; sourceTree = "<group>"; };
		4387FE2229A7D470005C2464 /* AnimScroller.swift */ = {isa = PBXFileReference; lastKnownFileType = sourcecode.swift; path = AnimScroller.swift; sourceTree = "<group>"; };
		43AE49D629DB595600C43E2E /* CreatePostView.swift */ = {isa = PBXFileReference; lastKnownFileType = sourcecode.swift; path = CreatePostView.swift; sourceTree = "<group>"; };
		43AE49D929DB5E9E00C43E2E /* URLPreview.swift */ = {isa = PBXFileReference; lastKnownFileType = sourcecode.swift; path = URLPreview.swift; sourceTree = "<group>"; };
		43C035AD29AE6F9D00FB9A43 /* IncorrectInfoView.swift */ = {isa = PBXFileReference; lastKnownFileType = sourcecode.swift; path = IncorrectInfoView.swift; sourceTree = "<group>"; };
		43C035AF29AE7FF300FB9A43 /* Toast.swift */ = {isa = PBXFileReference; lastKnownFileType = sourcecode.swift; path = Toast.swift; sourceTree = "<group>"; };
		43C035BA29B14D3600FB9A43 /* CameraTabsOverlay.swift */ = {isa = PBXFileReference; lastKnownFileType = sourcecode.swift; path = CameraTabsOverlay.swift; sourceTree = "<group>"; };
		43C0361129B917A600FB9A43 /* TransitionExtensions.swift */ = {isa = PBXFileReference; lastKnownFileType = sourcecode.swift; path = TransitionExtensions.swift; sourceTree = "<group>"; };
		43E23AA429941C3A00DC1B9B /* Launch Screen.storyboard */ = {isa = PBXFileReference; lastKnownFileType = file.storyboard; path = "Launch Screen.storyboard"; sourceTree = "<group>"; };
		43E3F17429E6102000926B50 /* PublicProfile.swift */ = {isa = PBXFileReference; lastKnownFileType = sourcecode.swift; path = PublicProfile.swift; sourceTree = "<group>"; };
		43E3F17629E6219900926B50 /* FollowRequestRowView.swift */ = {isa = PBXFileReference; lastKnownFileType = sourcecode.swift; path = FollowRequestRowView.swift; sourceTree = "<group>"; };
		43E3F17829E8787F00926B50 /* FollowingListView.swift */ = {isa = PBXFileReference; lastKnownFileType = sourcecode.swift; path = FollowingListView.swift; sourceTree = "<group>"; };
		43E3F17A29E87D4D00926B50 /* FollowingListItem.swift */ = {isa = PBXFileReference; lastKnownFileType = sourcecode.swift; path = FollowingListItem.swift; sourceTree = "<group>"; };
		43E3F17C29E87FC600926B50 /* FollowerListView.swift */ = {isa = PBXFileReference; lastKnownFileType = sourcecode.swift; path = FollowerListView.swift; sourceTree = "<group>"; };
		43E3F17E29E8812A00926B50 /* FollowerListItem.swift */ = {isa = PBXFileReference; lastKnownFileType = sourcecode.swift; path = FollowerListItem.swift; sourceTree = "<group>"; };
		43E4B774297F02C000538495 /* PagingView.swift */ = {isa = PBXFileReference; lastKnownFileType = sourcecode.swift; path = PagingView.swift; sourceTree = "<group>"; };
		43E4B776297F18C800538495 /* InstructionSlider.swift */ = {isa = PBXFileReference; lastKnownFileType = sourcecode.swift; path = InstructionSlider.swift; sourceTree = "<group>"; };
		43E4B77829808EF100538495 /* UserViewModel.swift */ = {isa = PBXFileReference; lastKnownFileType = sourcecode.swift; path = UserViewModel.swift; sourceTree = "<group>"; };
		43E4B77A2980969E00538495 /* DragGestures.swift */ = {isa = PBXFileReference; lastKnownFileType = sourcecode.swift; path = DragGestures.swift; sourceTree = "<group>"; };
		43E4B77C29809A6800538495 /* GoogleService-Info.plist */ = {isa = PBXFileReference; fileEncoding = 4; lastKnownFileType = text.plist.xml; path = "GoogleService-Info.plist"; sourceTree = "<group>"; };
		43E4B78A2980B88600538495 /* User.swift */ = {isa = PBXFileReference; lastKnownFileType = sourcecode.swift; path = User.swift; sourceTree = "<group>"; };
		43E4B78D29830A0500538495 /* FirestoreRequests.swift */ = {isa = PBXFileReference; lastKnownFileType = sourcecode.swift; path = FirestoreRequests.swift; sourceTree = "<group>"; };
		43E4B78F2984407100538495 /* GradeAlertView.swift */ = {isa = PBXFileReference; lastKnownFileType = sourcecode.swift; path = GradeAlertView.swift; sourceTree = "<group>"; };
		43E4B7912984547300538495 /* SearchResultButton.swift */ = {isa = PBXFileReference; lastKnownFileType = sourcecode.swift; path = SearchResultButton.swift; sourceTree = "<group>"; };
		43ECC6B329DB2A35000E0497 /* Post.swift */ = {isa = PBXFileReference; lastKnownFileType = sourcecode.swift; path = Post.swift; sourceTree = "<group>"; };
		43ECC6B529DB2AC5000E0497 /* Comment.swift */ = {isa = PBXFileReference; lastKnownFileType = sourcecode.swift; path = Comment.swift; sourceTree = "<group>"; };
		43ECC6B829DB3B01000E0497 /* ExplorePage.swift */ = {isa = PBXFileReference; lastKnownFileType = sourcecode.swift; path = ExplorePage.swift; sourceTree = "<group>"; };
		43ECC6BA29DB3F32000E0497 /* ExploreToggle.swift */ = {isa = PBXFileReference; lastKnownFileType = sourcecode.swift; path = ExploreToggle.swift; sourceTree = "<group>"; };
		43ECC6BE29DB3F50000E0497 /* ExploreViewModel.swift */ = {isa = PBXFileReference; lastKnownFileType = sourcecode.swift; path = ExploreViewModel.swift; sourceTree = "<group>"; };
		8815B0A029402D9B007FBB17 /* LoginPage.swift */ = {isa = PBXFileReference; lastKnownFileType = sourcecode.swift; path = LoginPage.swift; sourceTree = "<group>"; };
		8815B0A2294034FB007FBB17 /* SignUpPage.swift */ = {isa = PBXFileReference; lastKnownFileType = sourcecode.swift; path = SignUpPage.swift; sourceTree = "<group>"; };
		8815B0AB29422FD3007FBB17 /* FoodItem.swift */ = {isa = PBXFileReference; lastKnownFileType = sourcecode.swift; path = FoodItem.swift; sourceTree = "<group>"; };
		8815B0AD2942716B007FBB17 /* OpenFoodResult.swift */ = {isa = PBXFileReference; lastKnownFileType = sourcecode.swift; path = OpenFoodResult.swift; sourceTree = "<group>"; };
		8820643C298C9A640094F94F /* Anim.entitlements */ = {isa = PBXFileReference; lastKnownFileType = text.plist.entitlements; path = Anim.entitlements; sourceTree = "<group>"; };
		8827E2F729E0F51600198CFD /* MacrosView.swift */ = {isa = PBXFileReference; lastKnownFileType = sourcecode.swift; path = MacrosView.swift; sourceTree = "<group>"; };
		882D1DC629393F1A002EFDC8 /* Anim.app */ = {isa = PBXFileReference; explicitFileType = wrapper.application; includeInIndex = 0; path = Anim.app; sourceTree = BUILT_PRODUCTS_DIR; };
		882D1DC929393F1A002EFDC8 /* AnimApp.swift */ = {isa = PBXFileReference; lastKnownFileType = sourcecode.swift; path = AnimApp.swift; sourceTree = "<group>"; };
		882D1DCB29393F1A002EFDC8 /* ContentView.swift */ = {isa = PBXFileReference; lastKnownFileType = sourcecode.swift; path = ContentView.swift; sourceTree = "<group>"; };
		882D1DCD29393F1A002EFDC8 /* Assets.xcassets */ = {isa = PBXFileReference; lastKnownFileType = folder.assetcatalog; path = Assets.xcassets; sourceTree = "<group>"; };
		882D1DD029393F1A002EFDC8 /* Preview Assets.xcassets */ = {isa = PBXFileReference; lastKnownFileType = folder.assetcatalog; path = "Preview Assets.xcassets"; sourceTree = "<group>"; };
		882D1DE1293947DB002EFDC8 /* NetworkRequests.swift */ = {isa = PBXFileReference; lastKnownFileType = sourcecode.swift; path = NetworkRequests.swift; sourceTree = "<group>"; };
		882D1DED29394978002EFDC8 /* CameraViewModel.swift */ = {isa = PBXFileReference; lastKnownFileType = sourcecode.swift; path = CameraViewModel.swift; sourceTree = "<group>"; };
		882D1DEF29394992002EFDC8 /* NavModel.swift */ = {isa = PBXFileReference; lastKnownFileType = sourcecode.swift; path = NavModel.swift; sourceTree = "<group>"; };
		882D1DF329394A99002EFDC8 /* CameraView.swift */ = {isa = PBXFileReference; lastKnownFileType = sourcecode.swift; path = CameraView.swift; sourceTree = "<group>"; };
		882D1DF529394AD6002EFDC8 /* DataScannerView.swift */ = {isa = PBXFileReference; lastKnownFileType = sourcecode.swift; path = DataScannerView.swift; sourceTree = "<group>"; };
		882D1DF729394B02002EFDC8 /* ViewExtensions.swift */ = {isa = PBXFileReference; lastKnownFileType = sourcecode.swift; path = ViewExtensions.swift; sourceTree = "<group>"; };
		882D1DF929394B3C002EFDC8 /* PillTabBar.swift */ = {isa = PBXFileReference; lastKnownFileType = sourcecode.swift; path = PillTabBar.swift; sourceTree = "<group>"; };
		882D1DFB29394B69002EFDC8 /* Placeholder.swift */ = {isa = PBXFileReference; lastKnownFileType = sourcecode.swift; path = Placeholder.swift; sourceTree = "<group>"; };
		882D1E0229394CE4002EFDC8 /* SearchPage.swift */ = {isa = PBXFileReference; lastKnownFileType = sourcecode.swift; path = SearchPage.swift; sourceTree = "<group>"; };
		882D552C29D7556300487B46 /* RingView.swift */ = {isa = PBXFileReference; lastKnownFileType = sourcecode.swift; path = RingView.swift; sourceTree = "<group>"; };
		88339D2D29DDEB8E0033B990 /* RecentSearchView.swift */ = {isa = PBXFileReference; lastKnownFileType = sourcecode.swift; path = RecentSearchView.swift; sourceTree = "<group>"; };
		88339D2F29DE1DC40033B990 /* Banner.swift */ = {isa = PBXFileReference; lastKnownFileType = sourcecode.swift; path = Banner.swift; sourceTree = "<group>"; };
		88339D3129DE398C0033B990 /* ProfileView.swift */ = {isa = PBXFileReference; lastKnownFileType = sourcecode.swift; path = ProfileView.swift; sourceTree = "<group>"; };
		884490EB29B3EDE200C7BA07 /* AllergenButton.swift */ = {isa = PBXFileReference; lastKnownFileType = sourcecode.swift; path = AllergenButton.swift; sourceTree = "<group>"; };
		884490ED29B3F88D00C7BA07 /* UserFilterModelView.swift */ = {isa = PBXFileReference; lastKnownFileType = sourcecode.swift; path = UserFilterModelView.swift; sourceTree = "<group>"; };
		88607D51294C5BEB00602FE3 /* ProfileMenu.swift */ = {isa = PBXFileReference; lastKnownFileType = sourcecode.swift; path = ProfileMenu.swift; sourceTree = "<group>"; };
		88607D55294CFA6900602FE3 /* Favorites.swift */ = {isa = PBXFileReference; lastKnownFileType = sourcecode.swift; path = Favorites.swift; sourceTree = "<group>"; };
		8864360D2994AD4100FB28D4 /* FavoritesButton.swift */ = {isa = PBXFileReference; lastKnownFileType = sourcecode.swift; path = FavoritesButton.swift; sourceTree = "<group>"; };
		88902BCE29C13D5B001D41FD /* AllergensView.swift */ = {isa = PBXFileReference; lastKnownFileType = sourcecode.swift; path = AllergensView.swift; sourceTree = "<group>"; };
		88902BD029C13E6C001D41FD /* AllergensViewButton.swift */ = {isa = PBXFileReference; lastKnownFileType = sourcecode.swift; path = AllergensViewButton.swift; sourceTree = "<group>"; };
		88902BD229C14287001D41FD /* ListsView.swift */ = {isa = PBXFileReference; lastKnownFileType = sourcecode.swift; path = ListsView.swift; sourceTree = "<group>"; };
		88A6415A29D1FBCD0004E5C3 /* FoodLogView.swift */ = {isa = PBXFileReference; lastKnownFileType = sourcecode.swift; path = FoodLogView.swift; sourceTree = "<group>"; };
		88BE1514294BB2B8001AE321 /* Ingredient.swift */ = {isa = PBXFileReference; lastKnownFileType = sourcecode.swift; path = Ingredient.swift; sourceTree = "<group>"; };
		88BE1516294BB2CD001AE321 /* NutrientLevels.swift */ = {isa = PBXFileReference; lastKnownFileType = sourcecode.swift; path = NutrientLevels.swift; sourceTree = "<group>"; };
		88BE1518294BB2E1001AE321 /* Nutriments.swift */ = {isa = PBXFileReference; lastKnownFileType = sourcecode.swift; path = Nutriments.swift; sourceTree = "<group>"; };
		88BE151A294BB2FC001AE321 /* Product.swift */ = {isa = PBXFileReference; lastKnownFileType = sourcecode.swift; path = Product.swift; sourceTree = "<group>"; };
		88BE151C294BB321001AE321 /* ScannedBarcode.swift */ = {isa = PBXFileReference; lastKnownFileType = sourcecode.swift; path = ScannedBarcode.swift; sourceTree = "<group>"; };
		88BE151E294BB351001AE321 /* FoodViewModel.swift */ = {isa = PBXFileReference; lastKnownFileType = sourcecode.swift; path = FoodViewModel.swift; sourceTree = "<group>"; };
		88BE1523294BB3C2001AE321 /* IngredientsList.swift */ = {isa = PBXFileReference; lastKnownFileType = sourcecode.swift; path = IngredientsList.swift; sourceTree = "<group>"; };
		88BE1525294BB3E1001AE321 /* NutrientsPage.swift */ = {isa = PBXFileReference; lastKnownFileType = sourcecode.swift; path = NutrientsPage.swift; sourceTree = "<group>"; };
		88BE1527294BB41A001AE321 /* TagAlertView.swift */ = {isa = PBXFileReference; lastKnownFileType = sourcecode.swift; path = TagAlertView.swift; sourceTree = "<group>"; };
		88BE1529294BB42B001AE321 /* Allergens.swift */ = {isa = PBXFileReference; lastKnownFileType = sourcecode.swift; path = Allergens.swift; sourceTree = "<group>"; };
		88BE152B294BB44E001AE321 /* GradeOverlay.swift */ = {isa = PBXFileReference; lastKnownFileType = sourcecode.swift; path = GradeOverlay.swift; sourceTree = "<group>"; };
		88BE152F294BB478001AE321 /* NutrientTag.swift */ = {isa = PBXFileReference; lastKnownFileType = sourcecode.swift; path = NutrientTag.swift; sourceTree = "<group>"; };
		88BE1531294BB495001AE321 /* NutrientTagsList.swift */ = {isa = PBXFileReference; lastKnownFileType = sourcecode.swift; path = NutrientTagsList.swift; sourceTree = "<group>"; };
		88BE153C294BBD6E001AE321 /* NavButton.swift */ = {isa = PBXFileReference; lastKnownFileType = sourcecode.swift; path = NavButton.swift; sourceTree = "<group>"; };
		88C76D3C29A8826300289E57 /* FilterModalView.swift */ = {isa = PBXFileReference; lastKnownFileType = sourcecode.swift; path = FilterModalView.swift; sourceTree = "<group>"; };
		88C76D4029AC55F000289E57 /* GradeButton.swift */ = {isa = PBXFileReference; lastKnownFileType = sourcecode.swift; path = GradeButton.swift; sourceTree = "<group>"; };
		88C76D4229AC6F6B00289E57 /* GeoButton.swift */ = {isa = PBXFileReference; lastKnownFileType = sourcecode.swift; path = GeoButton.swift; sourceTree = "<group>"; };
		88CB207829DFDE17009E6F77 /* UserNavTitle.swift */ = {isa = PBXFileReference; lastKnownFileType = sourcecode.swift; path = UserNavTitle.swift; sourceTree = "<group>"; };
		88CB6AAA29889F8000184BC2 /* GoogleSignInButton.swift */ = {isa = PBXFileReference; lastKnownFileType = sourcecode.swift; path = GoogleSignInButton.swift; sourceTree = "<group>"; };
		88CB6AAF2988A14D00184BC2 /* Info.plist */ = {isa = PBXFileReference; lastKnownFileType = text.plist; path = Info.plist; sourceTree = "<group>"; };
		88CE3C1F29E0B5F2009E5FF3 /* FoodPage.swift */ = {isa = PBXFileReference; lastKnownFileType = sourcecode.swift; path = FoodPage.swift; sourceTree = "<group>"; };
		88CE3C2229E0B696009E5FF3 /* FoodInfoView.swift */ = {isa = PBXFileReference; lastKnownFileType = sourcecode.swift; path = FoodInfoView.swift; sourceTree = "<group>"; };
		88CE3C2429E0B713009E5FF3 /* ProductImage.swift */ = {isa = PBXFileReference; lastKnownFileType = sourcecode.swift; path = ProductImage.swift; sourceTree = "<group>"; };
		88CE3C2629E0B77C009E5FF3 /* FoodButtonView.swift */ = {isa = PBXFileReference; lastKnownFileType = sourcecode.swift; path = FoodButtonView.swift; sourceTree = "<group>"; };
		88CE3C2829E0BC99009E5FF3 /* Ingredients.swift */ = {isa = PBXFileReference; lastKnownFileType = sourcecode.swift; path = Ingredients.swift; sourceTree = "<group>"; };
		88CE67E229D38045000FF59A /* Nutrition.swift */ = {isa = PBXFileReference; lastKnownFileType = sourcecode.swift; path = Nutrition.swift; sourceTree = "<group>"; };
		88CE67E429D3FEB4000FF59A /* FoodLogInputView.swift */ = {isa = PBXFileReference; lastKnownFileType = sourcecode.swift; path = FoodLogInputView.swift; sourceTree = "<group>"; };
		88DA93802971EB6100674DB9 /* ProfileMenuViewModel.swift */ = {isa = PBXFileReference; lastKnownFileType = sourcecode.swift; path = ProfileMenuViewModel.swift; sourceTree = "<group>"; };
		88DAABA329505DE4001E0AC6 /* AnimManager.swift */ = {isa = PBXFileReference; lastKnownFileType = sourcecode.swift; path = AnimManager.swift; sourceTree = "<group>"; };
		88DBFEE929C4E716007C6E93 /* Fridge.swift */ = {isa = PBXFileReference; lastKnownFileType = sourcecode.swift; path = Fridge.swift; sourceTree = "<group>"; };
		88DBFEEB29C4E9FE007C6E93 /* CameraMenu.swift */ = {isa = PBXFileReference; lastKnownFileType = sourcecode.swift; path = CameraMenu.swift; sourceTree = "<group>"; };
		88DF4F7F29E3413B00CA4EE7 /* FavoriteFoodButton.swift */ = {isa = PBXFileReference; lastKnownFileType = sourcecode.swift; path = FavoriteFoodButton.swift; sourceTree = "<group>"; };
		88DF4F8329E3483900CA4EE7 /* URLPreview2.swift */ = {isa = PBXFileReference; lastKnownFileType = sourcecode.swift; path = URLPreview2.swift; sourceTree = "<group>"; };
		88E04129298DD02800E4C823 /* Notifications.swift */ = {isa = PBXFileReference; lastKnownFileType = sourcecode.swift; path = Notifications.swift; sourceTree = "<group>"; };
		88E0D83D29DF33AA00514A0B /* UserStats.swift */ = {isa = PBXFileReference; lastKnownFileType = sourcecode.swift; path = UserStats.swift; sourceTree = "<group>"; };
		88FB08DC29DC999500596AF5 /* Search2.swift */ = {isa = PBXFileReference; lastKnownFileType = sourcecode.swift; path = Search2.swift; sourceTree = "<group>"; };
		88FC1D8D29E4764200814F22 /* MenuButtonStyle.swift */ = {isa = PBXFileReference; lastKnownFileType = sourcecode.swift; path = MenuButtonStyle.swift; sourceTree = "<group>"; };
/* End PBXFileReference section */

/* Begin PBXFrameworksBuildPhase section */
		882D1DC329393F1A002EFDC8 /* Frameworks */ = {
			isa = PBXFrameworksBuildPhase;
			buildActionMask = 2147483647;
			files = (
				43E4B7822980B5CD00538495 /* FirebaseAuth in Frameworks */,
				88CB6AAE2988A0B000184BC2 /* GoogleSignIn in Frameworks */,
				882D1DD929394613002EFDC8 /* Alamofire in Frameworks */,
				43E4B7802980B5CD00538495 /* FirebaseAnalytics in Frameworks */,
				43E4B7862980B5CD00538495 /* FirebaseFirestore in Frameworks */,
				43E4B7842980B5CD00538495 /* FirebaseDatabase in Frameworks */,
				882D1DDC29394633002EFDC8 /* CachedAsyncImage in Frameworks */,
				43E4B7882980B5CD00538495 /* FirebaseFirestoreSwift in Frameworks */,
			);
			runOnlyForDeploymentPostprocessing = 0;
		};
/* End PBXFrameworksBuildPhase section */

/* Begin PBXGroup section */
		43037D7929940FC200B81CBD /* Fonts */ = {
			isa = PBXGroup;
			children = (
				430D1A11299D536200FD43EC /* DMSans-Medium.ttf */,
			);
			path = Fonts;
			sourceTree = "<group>";
		};
		4355DEA42991788C00C388A4 /* AnimManager */ = {
			isa = PBXGroup;
			children = (
				4355DEA7299178A400C388A4 /* ViewModels */,
				4355DEA6299178A000C388A4 /* Models */,
				8802EA7C299CAC9D00BD5ABF /* Views */,
			);
			path = AnimManager;
			sourceTree = "<group>";
		};
		4355DEA52991789B00C388A4 /* Views */ = {
			isa = PBXGroup;
			children = (
				88607D51294C5BEB00602FE3 /* ProfileMenu.swift */,
				430D1A14299D6D8600FD43EC /* ProfilePage.swift */,
			);
			name = Views;
			path = Views/Profile/Views;
			sourceTree = "<group>";
		};
		4355DEA6299178A000C388A4 /* Models */ = {
			isa = PBXGroup;
			children = (
				4355DEA8299178B200C388A4 /* IconModel.swift */,
			);
			path = Models;
			sourceTree = "<group>";
		};
		4355DEA7299178A400C388A4 /* ViewModels */ = {
			isa = PBXGroup;
			children = (
				4355DEAA299178EF00C388A4 /* IconVM.swift */,
			);
			path = ViewModels;
			sourceTree = "<group>";
		};
		43E4B772297F02A600538495 /* IntsructionSliders */ = {
			isa = PBXGroup;
			children = (
				43E4B773297F02AF00538495 /* Views */,
			);
			path = IntsructionSliders;
			sourceTree = "<group>";
		};
		43E4B773297F02AF00538495 /* Views */ = {
			isa = PBXGroup;
			children = (
				43E4B774297F02C000538495 /* PagingView.swift */,
				43E4B776297F18C800538495 /* InstructionSlider.swift */,
				4355DEAC299193FC00C388A4 /* DismissButton.swift */,
			);
			path = Views;
			sourceTree = "<group>";
		};
		43E4B7892980B87E00538495 /* Models */ = {
			isa = PBXGroup;
			children = (
				43E4B78A2980B88600538495 /* User.swift */,
				88CE67E229D38045000FF59A /* Nutrition.swift */,
			);
			path = Models;
			sourceTree = "<group>";
		};
		43ECC6B129DB2A19000E0497 /* Social */ = {
			isa = PBXGroup;
			children = (
				43ECC6BC29DB3F3E000E0497 /* ViewModels */,
				43ECC6B729DB3ACD000E0497 /* Views */,
				43ECC6B229DB2A24000E0497 /* Models */,
			);
			path = Social;
			sourceTree = "<group>";
		};
		43ECC6B229DB2A24000E0497 /* Models */ = {
			isa = PBXGroup;
			children = (
				43ECC6B329DB2A35000E0497 /* Post.swift */,
				43ECC6B529DB2AC5000E0497 /* Comment.swift */,
			);
			path = Models;
			sourceTree = "<group>";
		};
		43ECC6B729DB3ACD000E0497 /* Views */ = {
			isa = PBXGroup;
			children = (
				43ECC6B829DB3B01000E0497 /* ExplorePage.swift */,
				88DF4F8329E3483900CA4EE7 /* URLPreview2.swift */,
				43ECC6BA29DB3F32000E0497 /* ExploreToggle.swift */,
				43AE49D629DB595600C43E2E /* CreatePostView.swift */,
				43AE49D929DB5E9E00C43E2E /* URLPreview.swift */,
				435E401E29DC7D170063AD4B /* UsernameInput.swift */,
				435E402029DC9C4D0063AD4B /* PostView.swift */,
				435E402A29DDCA170063AD4B /* CommentsView.swift */,
				435E402F29DDFC510063AD4B /* CreatePostButton.swift */,
				435E403129DF7EE40063AD4B /* SearchUserPage.swift */,
				43E3F17429E6102000926B50 /* PublicProfile.swift */,
			);
			path = Views;
			sourceTree = "<group>";
		};
		43ECC6BC29DB3F3E000E0497 /* ViewModels */ = {
			isa = PBXGroup;
			children = (
				43ECC6BE29DB3F50000E0497 /* ExploreViewModel.swift */,
			);
			path = ViewModels;
			sourceTree = "<group>";
		};
		8802EA7C299CAC9D00BD5ABF /* Views */ = {
			isa = PBXGroup;
			children = (
				88DAABA329505DE4001E0AC6 /* AnimManager.swift */,
				4387FE2229A7D470005C2464 /* AnimScroller.swift */,
			);
			path = Views;
			sourceTree = "<group>";
		};
		882D1DBD29393F1A002EFDC8 = {
			isa = PBXGroup;
			children = (
				882D1DC829393F1A002EFDC8 /* Anim */,
				882D1DC729393F1A002EFDC8 /* Products */,
			);
			sourceTree = "<group>";
		};
		882D1DC729393F1A002EFDC8 /* Products */ = {
			isa = PBXGroup;
			children = (
				882D1DC629393F1A002EFDC8 /* Anim.app */,
			);
			name = Products;
			sourceTree = "<group>";
		};
		882D1DC829393F1A002EFDC8 /* Anim */ = {
			isa = PBXGroup;
			children = (
				8820643C298C9A640094F94F /* Anim.entitlements */,
				88CB6AAF2988A14D00184BC2 /* Info.plist */,
				43E4B77C29809A6800538495 /* GoogleService-Info.plist */,
				88FC1D8C29E4762A00814F22 /* Styles */,
				43ECC6B129DB2A19000E0497 /* Social */,
				43E4B772297F02A600538495 /* IntsructionSliders */,
				882D1E0B293951F6002EFDC8 /* Global */,
				882D1E08293951C5002EFDC8 /* Profile */,
				882D1E07293951BF002EFDC8 /* SearchPage */,
				882D1E06293951B2002EFDC8 /* Food */,
				882D1E05293951A9002EFDC8 /* Camera */,
				882D1DFD29394C04002EFDC8 /* Helpers */,
				882D1DDD29394787002EFDC8 /* Requests */,
				43037D7929940FC200B81CBD /* Fonts */,
				882D1DC929393F1A002EFDC8 /* AnimApp.swift */,
				882D1DCB29393F1A002EFDC8 /* ContentView.swift */,
				882D1DCD29393F1A002EFDC8 /* Assets.xcassets */,
				882D1DCF29393F1A002EFDC8 /* Preview Content */,
				43E23AA429941C3A00DC1B9B /* Launch Screen.storyboard */,
			);
			path = Anim;
			sourceTree = "<group>";
		};
		882D1DCF29393F1A002EFDC8 /* Preview Content */ = {
			isa = PBXGroup;
			children = (
				882D1DD029393F1A002EFDC8 /* Preview Assets.xcassets */,
			);
			path = "Preview Content";
			sourceTree = "<group>";
		};
		882D1DDD29394787002EFDC8 /* Requests */ = {
			isa = PBXGroup;
			children = (
				882D1DE1293947DB002EFDC8 /* NetworkRequests.swift */,
				43E4B78D29830A0500538495 /* FirestoreRequests.swift */,
			);
			path = Requests;
			sourceTree = "<group>";
		};
		882D1DDE29394795002EFDC8 /* Models */ = {
			isa = PBXGroup;
			children = (
				8815B0AB29422FD3007FBB17 /* FoodItem.swift */,
				8815B0AD2942716B007FBB17 /* OpenFoodResult.swift */,
			);
			path = Models;
			sourceTree = "<group>";
		};
		882D1DDF2939479F002EFDC8 /* ViewModels */ = {
			isa = PBXGroup;
			children = (
				882D1DED29394978002EFDC8 /* CameraViewModel.swift */,
			);
			path = ViewModels;
			sourceTree = "<group>";
		};
		882D1DE0293947A7002EFDC8 /* Views */ = {
			isa = PBXGroup;
			children = (
				882D1DF329394A99002EFDC8 /* CameraView.swift */,
				882D1DF529394AD6002EFDC8 /* DataScannerView.swift */,
				43C035BA29B14D3600FB9A43 /* CameraTabsOverlay.swift */,
				88DBFEEB29C4E9FE007C6E93 /* CameraMenu.swift */,
			);
			path = Views;
			sourceTree = "<group>";
		};
		882D1DFD29394C04002EFDC8 /* Helpers */ = {
			isa = PBXGroup;
			children = (
				882D1E11293952C4002EFDC8 /* Extensions */,
				88BE153C294BBD6E001AE321 /* NavButton.swift */,
				43C035AF29AE7FF300FB9A43 /* Toast.swift */,
			);
			path = Helpers;
			sourceTree = "<group>";
		};
		882D1E05293951A9002EFDC8 /* Camera */ = {
			isa = PBXGroup;
			children = (
				882D1DE0293947A7002EFDC8 /* Views */,
				882D1DDF2939479F002EFDC8 /* ViewModels */,
			);
			path = Camera;
			sourceTree = "<group>";
		};
		882D1E06293951B2002EFDC8 /* Food */ = {
			isa = PBXGroup;
			children = (
				88BE1511294BB281001AE321 /* Models */,
				88BE1512294BB28A001AE321 /* ViewModels */,
				88BE1513294BB295001AE321 /* Views */,
			);
			path = Food;
			sourceTree = "<group>";
		};
		882D1E07293951BF002EFDC8 /* SearchPage */ = {
			isa = PBXGroup;
			children = (
				882D1DDE29394795002EFDC8 /* Models */,
				882D1E0F29395265002EFDC8 /* Views */,
			);
			path = SearchPage;
			sourceTree = "<group>";
		};
		882D1E08293951C5002EFDC8 /* Profile */ = {
			isa = PBXGroup;
			children = (
				88FC1D8B29E4747D00814F22 /* User */,
				4355DEA42991788C00C388A4 /* AnimManager */,
				88FC1D8A29E4746200814F22 /* Lists */,
				4355DEA52991789B00C388A4 /* Views */,
				88DA937F2971EB3F00674DB9 /* ViewModels */,
			);
			path = Profile;
			sourceTree = "<group>";
		};
		882D1E0B293951F6002EFDC8 /* Global */ = {
			isa = PBXGroup;
			children = (
				43E4B7892980B87E00538495 /* Models */,
				882D1E102939527C002EFDC8 /* Views */,
				882D1E0D2939520D002EFDC8 /* ViewModels */,
			);
			path = Global;
			sourceTree = "<group>";
		};
		882D1E0D2939520D002EFDC8 /* ViewModels */ = {
			isa = PBXGroup;
			children = (
				882D1DEF29394992002EFDC8 /* NavModel.swift */,
				43E4B77829808EF100538495 /* UserViewModel.swift */,
			);
			path = ViewModels;
			sourceTree = "<group>";
		};
		882D1E0F29395265002EFDC8 /* Views */ = {
			isa = PBXGroup;
			children = (
				882D1E0229394CE4002EFDC8 /* SearchPage.swift */,
				43E4B7912984547300538495 /* SearchResultButton.swift */,
				4387FE2029A7CA9B005C2464 /* SearchLoadingScreen.swift */,
				88C76D3C29A8826300289E57 /* FilterModalView.swift */,
				88C76D4029AC55F000289E57 /* GradeButton.swift */,
				88C76D4229AC6F6B00289E57 /* GeoButton.swift */,
				884490EB29B3EDE200C7BA07 /* AllergenButton.swift */,
				88FB08DC29DC999500596AF5 /* Search2.swift */,
				88339D2D29DDEB8E0033B990 /* RecentSearchView.swift */,
				88339D2F29DE1DC40033B990 /* Banner.swift */,
			);
			path = Views;
			sourceTree = "<group>";
		};
		882D1E102939527C002EFDC8 /* Views */ = {
			isa = PBXGroup;
			children = (
				882D1DF929394B3C002EFDC8 /* PillTabBar.swift */,
				882D1DFB29394B69002EFDC8 /* Placeholder.swift */,
			);
			path = Views;
			sourceTree = "<group>";
		};
		882D1E11293952C4002EFDC8 /* Extensions */ = {
			isa = PBXGroup;
			children = (
				882D1DF729394B02002EFDC8 /* ViewExtensions.swift */,
				43E4B77A2980969E00538495 /* DragGestures.swift */,
				88E04129298DD02800E4C823 /* Notifications.swift */,
				43C0361129B917A600FB9A43 /* TransitionExtensions.swift */,
				435E402729DCEAA50063AD4B /* ViewOffsetKey.swift */,
				435E402C29DDCD120063AD4B /* DateExtensions.swift */,
			);
			path = Extensions;
			sourceTree = "<group>";
		};
		88BE1511294BB281001AE321 /* Models */ = {
			isa = PBXGroup;
			children = (
				88BE1514294BB2B8001AE321 /* Ingredient.swift */,
				88BE1516294BB2CD001AE321 /* NutrientLevels.swift */,
				88BE1518294BB2E1001AE321 /* Nutriments.swift */,
				88BE151A294BB2FC001AE321 /* Product.swift */,
				88BE151C294BB321001AE321 /* ScannedBarcode.swift */,
			);
			path = Models;
			sourceTree = "<group>";
		};
		88BE1512294BB28A001AE321 /* ViewModels */ = {
			isa = PBXGroup;
			children = (
				88BE151E294BB351001AE321 /* FoodViewModel.swift */,
			);
			path = ViewModels;
			sourceTree = "<group>";
		};
		88BE1513294BB295001AE321 /* Views */ = {
			isa = PBXGroup;
			children = (
				88CE3C2129E0B663009E5FF3 /* Food Display */,
				88BE1520294BB38A001AE321 /* IngredientsView */,
				88BE1521294BB392001AE321 /* NutrientsView */,
			);
			path = Views;
			sourceTree = "<group>";
		};
		88BE1520294BB38A001AE321 /* IngredientsView */ = {
			isa = PBXGroup;
			children = (
				88BE1523294BB3C2001AE321 /* IngredientsList.swift */,
			);
			path = IngredientsView;
			sourceTree = "<group>";
		};
		88BE1521294BB392001AE321 /* NutrientsView */ = {
			isa = PBXGroup;
			children = (
				88BE1525294BB3E1001AE321 /* NutrientsPage.swift */,
				43C035AD29AE6F9D00FB9A43 /* IncorrectInfoView.swift */,
			);
			path = NutrientsView;
			sourceTree = "<group>";
		};
		88CE3C2129E0B663009E5FF3 /* Food Display */ = {
			isa = PBXGroup;
			children = (
				88CE3C1F29E0B5F2009E5FF3 /* FoodPage.swift */,
				88CE3C2229E0B696009E5FF3 /* FoodInfoView.swift */,
				88BE152F294BB478001AE321 /* NutrientTag.swift */,
				88BE1531294BB495001AE321 /* NutrientTagsList.swift */,
				88BE1527294BB41A001AE321 /* TagAlertView.swift */,
				88BE1529294BB42B001AE321 /* Allergens.swift */,
				88BE152B294BB44E001AE321 /* GradeOverlay.swift */,
				88CE3C2629E0B77C009E5FF3 /* FoodButtonView.swift */,
				88CE3C2429E0B713009E5FF3 /* ProductImage.swift */,
				88CE3C2829E0BC99009E5FF3 /* Ingredients.swift */,
				8827E2F729E0F51600198CFD /* MacrosView.swift */,
				88DF4F7F29E3413B00CA4EE7 /* FavoriteFoodButton.swift */,
				43E4B78F2984407100538495 /* GradeAlertView.swift */,
				430D1A0F299C2B9200FD43EC /* AnimEarnedAlert.swift */,
			);
			path = "Food Display";
			sourceTree = "<group>";
		};
		88DA937F2971EB3F00674DB9 /* ViewModels */ = {
			isa = PBXGroup;
			children = (
				88DA93802971EB6100674DB9 /* ProfileMenuViewModel.swift */,
			);
			path = ViewModels;
			sourceTree = "<group>";
		};
		88DAABA129505267001E0AC6 /* Register */ = {
			isa = PBXGroup;
			children = (
				8815B0A029402D9B007FBB17 /* LoginPage.swift */,
				8815B0A2294034FB007FBB17 /* SignUpPage.swift */,
				88CB6AAA29889F8000184BC2 /* GoogleSignInButton.swift */,
			);
			path = Register;
			sourceTree = "<group>";
		};
		88FC1D8A29E4746200814F22 /* Lists */ = {
			isa = PBXGroup;
			children = (
				88902BCE29C13D5B001D41FD /* AllergensView.swift */,
				88902BD029C13E6C001D41FD /* AllergensViewButton.swift */,
				88607D55294CFA6900602FE3 /* Favorites.swift */,
				8864360D2994AD4100FB28D4 /* FavoritesButton.swift */,
				88902BD229C14287001D41FD /* ListsView.swift */,
				88DBFEE929C4E716007C6E93 /* Fridge.swift */,
			);
			path = Lists;
			sourceTree = "<group>";
		};
		88FC1D8B29E4747D00814F22 /* User */ = {
			isa = PBXGroup;
			children = (
				88DAABA129505267001E0AC6 /* Register */,
				88339D3129DE398C0033B990 /* ProfileView.swift */,
				88CB207829DFDE17009E6F77 /* UserNavTitle.swift */,
				88E0D83D29DF33AA00514A0B /* UserStats.swift */,
				884490ED29B3F88D00C7BA07 /* UserFilterModelView.swift */,
				88A6415A29D1FBCD0004E5C3 /* FoodLogView.swift */,
				88CE67E429D3FEB4000FF59A /* FoodLogInputView.swift */,
				882D552C29D7556300487B46 /* RingView.swift */,
				43E3F17629E6219900926B50 /* FollowRequestRowView.swift */,
				43E3F17829E8787F00926B50 /* FollowingListView.swift */,
				43E3F17A29E87D4D00926B50 /* FollowingListItem.swift */,
				43E3F17C29E87FC600926B50 /* FollowerListView.swift */,
				43E3F17E29E8812A00926B50 /* FollowerListItem.swift */,
			);
			path = User;
			sourceTree = "<group>";
		};
		88FC1D8C29E4762A00814F22 /* Styles */ = {
			isa = PBXGroup;
			children = (
				88FC1D8D29E4764200814F22 /* MenuButtonStyle.swift */,
			);
			path = Styles;
			sourceTree = "<group>";
		};
/* End PBXGroup section */

/* Begin PBXNativeTarget section */
		882D1DC529393F1A002EFDC8 /* Anim */ = {
			isa = PBXNativeTarget;
			buildConfigurationList = 882D1DD429393F1A002EFDC8 /* Build configuration list for PBXNativeTarget "Anim" */;
			buildPhases = (
				882D1DC229393F1A002EFDC8 /* Sources */,
				882D1DC329393F1A002EFDC8 /* Frameworks */,
				882D1DC429393F1A002EFDC8 /* Resources */,
			);
			buildRules = (
			);
			dependencies = (
			);
			name = Anim;
			packageProductDependencies = (
				882D1DD829394613002EFDC8 /* Alamofire */,
				882D1DDB29394633002EFDC8 /* CachedAsyncImage */,
				43E4B77F2980B5CD00538495 /* FirebaseAnalytics */,
				43E4B7812980B5CD00538495 /* FirebaseAuth */,
				43E4B7832980B5CD00538495 /* FirebaseDatabase */,
				43E4B7852980B5CD00538495 /* FirebaseFirestore */,
				43E4B7872980B5CD00538495 /* FirebaseFirestoreSwift */,
				88CB6AAD2988A0B000184BC2 /* GoogleSignIn */,
			);
			productName = Anim;
			productReference = 882D1DC629393F1A002EFDC8 /* Anim.app */;
			productType = "com.apple.product-type.application";
		};
/* End PBXNativeTarget section */

/* Begin PBXProject section */
		882D1DBE29393F1A002EFDC8 /* Project object */ = {
			isa = PBXProject;
			attributes = {
				BuildIndependentTargetsInParallel = 1;
				LastSwiftUpdateCheck = 1410;
				LastUpgradeCheck = 1410;
				TargetAttributes = {
					882D1DC529393F1A002EFDC8 = {
						CreatedOnToolsVersion = 14.1;
					};
				};
			};
			buildConfigurationList = 882D1DC129393F1A002EFDC8 /* Build configuration list for PBXProject "Anim" */;
			compatibilityVersion = "Xcode 13.0";
			developmentRegion = en;
			hasScannedForEncodings = 0;
			knownRegions = (
				en,
				Base,
			);
			mainGroup = 882D1DBD29393F1A002EFDC8;
			packageReferences = (
				882D1DD729394613002EFDC8 /* XCRemoteSwiftPackageReference "Alamofire" */,
				882D1DDA29394633002EFDC8 /* XCRemoteSwiftPackageReference "swiftui-cached-async-image" */,
				43E4B77E2980B5CD00538495 /* XCRemoteSwiftPackageReference "firebase-ios-sdk" */,
				88CB6AAC2988A0B000184BC2 /* XCRemoteSwiftPackageReference "GoogleSignIn-iOS" */,
			);
			productRefGroup = 882D1DC729393F1A002EFDC8 /* Products */;
			projectDirPath = "";
			projectRoot = "";
			targets = (
				882D1DC529393F1A002EFDC8 /* Anim */,
			);
		};
/* End PBXProject section */

/* Begin PBXResourcesBuildPhase section */
		882D1DC429393F1A002EFDC8 /* Resources */ = {
			isa = PBXResourcesBuildPhase;
			buildActionMask = 2147483647;
			files = (
				882D1DD129393F1A002EFDC8 /* Preview Assets.xcassets in Resources */,
				882D1DCE29393F1A002EFDC8 /* Assets.xcassets in Resources */,
				43E23AA529941C3A00DC1B9B /* Launch Screen.storyboard in Resources */,
				43E4B77D29809A6800538495 /* GoogleService-Info.plist in Resources */,
				430D1A12299D536200FD43EC /* DMSans-Medium.ttf in Resources */,
			);
			runOnlyForDeploymentPostprocessing = 0;
		};
/* End PBXResourcesBuildPhase section */

/* Begin PBXSourcesBuildPhase section */
		882D1DC229393F1A002EFDC8 /* Sources */ = {
			isa = PBXSourcesBuildPhase;
			buildActionMask = 2147483647;
			files = (
				88A6415B29D1FBCD0004E5C3 /* FoodLogView.swift in Sources */,
				88CB6AAB29889F8000184BC2 /* GoogleSignInButton.swift in Sources */,
				43E4B78E29830A0500538495 /* FirestoreRequests.swift in Sources */,
				435E403029DDFC510063AD4B /* CreatePostButton.swift in Sources */,
				8815B0AE2942716B007FBB17 /* OpenFoodResult.swift in Sources */,
				43E4B78B2980B88600538495 /* User.swift in Sources */,
				884490EE29B3F88D00C7BA07 /* UserFilterModelView.swift in Sources */,
				88E0D83E29DF33AA00514A0B /* UserStats.swift in Sources */,
				88607D52294C5BEB00602FE3 /* ProfileMenu.swift in Sources */,
				43ECC6B929DB3B01000E0497 /* ExplorePage.swift in Sources */,
				430D1A15299D6D8600FD43EC /* ProfilePage.swift in Sources */,
				43AE49DA29DB5E9E00C43E2E /* URLPreview.swift in Sources */,
				4387FE2129A7CA9B005C2464 /* SearchLoadingScreen.swift in Sources */,
				435E401F29DC7D170063AD4B /* UsernameInput.swift in Sources */,
				88CE67E329D38045000FF59A /* Nutrition.swift in Sources */,
				882D1DCC29393F1A002EFDC8 /* ContentView.swift in Sources */,
				88BE1530294BB478001AE321 /* NutrientTag.swift in Sources */,
				88CE3C2329E0B696009E5FF3 /* FoodInfoView.swift in Sources */,
				88902BD129C13E6C001D41FD /* AllergensViewButton.swift in Sources */,
				8827E2F829E0F51600198CFD /* MacrosView.swift in Sources */,
				435E402D29DDCD120063AD4B /* DateExtensions.swift in Sources */,
				882D1DCA29393F1A002EFDC8 /* AnimApp.swift in Sources */,
				88DF4F8429E3483900CA4EE7 /* URLPreview2.swift in Sources */,
				435E402829DCEAA50063AD4B /* ViewOffsetKey.swift in Sources */,
				882D1DE2293947DB002EFDC8 /* NetworkRequests.swift in Sources */,
				8815B0AC29422FD3007FBB17 /* FoodItem.swift in Sources */,
				8815B0A3294034FB007FBB17 /* SignUpPage.swift in Sources */,
				43C0361229B917A600FB9A43 /* TransitionExtensions.swift in Sources */,
				43ECC6B629DB2AC5000E0497 /* Comment.swift in Sources */,
				88BE151F294BB351001AE321 /* FoodViewModel.swift in Sources */,
				88CB207929DFDE17009E6F77 /* UserNavTitle.swift in Sources */,
				88BE152C294BB44E001AE321 /* GradeOverlay.swift in Sources */,
				88BE1517294BB2CD001AE321 /* NutrientLevels.swift in Sources */,
				88CE3C2729E0B77C009E5FF3 /* FoodButtonView.swift in Sources */,
				88902BCF29C13D5B001D41FD /* AllergensView.swift in Sources */,
				882D1DEE29394978002EFDC8 /* CameraViewModel.swift in Sources */,
				882D1DFA29394B3C002EFDC8 /* PillTabBar.swift in Sources */,
				88BE1528294BB41A001AE321 /* TagAlertView.swift in Sources */,
				430D1A10299C2B9200FD43EC /* AnimEarnedAlert.swift in Sources */,
				43E4B77B2980969E00538495 /* DragGestures.swift in Sources */,
				88339D2E29DDEB8E0033B990 /* RecentSearchView.swift in Sources */,
				88BE151B294BB2FC001AE321 /* Product.swift in Sources */,
				88BE1515294BB2B8001AE321 /* Ingredient.swift in Sources */,
				4355DEAD299193FC00C388A4 /* DismissButton.swift in Sources */,
				43E3F17B29E87D4D00926B50 /* FollowingListItem.swift in Sources */,
				88902BD329C14287001D41FD /* ListsView.swift in Sources */,
				88BE153D294BBD6E001AE321 /* NavButton.swift in Sources */,
				88339D3229DE398C0033B990 /* ProfileView.swift in Sources */,
				88CE3C2929E0BC99009E5FF3 /* Ingredients.swift in Sources */,
				43E3F17729E6219900926B50 /* FollowRequestRowView.swift in Sources */,
				882D1E0329394CE4002EFDC8 /* SearchPage.swift in Sources */,
				88CE3C2529E0B713009E5FF3 /* ProductImage.swift in Sources */,
				43ECC6BF29DB3F50000E0497 /* ExploreViewModel.swift in Sources */,
				88C76D3D29A8826300289E57 /* FilterModalView.swift in Sources */,
				88BE152A294BB42B001AE321 /* Allergens.swift in Sources */,
				435E402B29DDCA170063AD4B /* CommentsView.swift in Sources */,
				88C76D4329AC6F6B00289E57 /* GeoButton.swift in Sources */,
				882D1DF629394AD6002EFDC8 /* DataScannerView.swift in Sources */,
				88339D3029DE1DC40033B990 /* Banner.swift in Sources */,
				43C035B029AE7FF300FB9A43 /* Toast.swift in Sources */,
				882D1DF829394B02002EFDC8 /* ViewExtensions.swift in Sources */,
				43AE49D729DB595600C43E2E /* CreatePostView.swift in Sources */,
				88DA93812971EB6100674DB9 /* ProfileMenuViewModel.swift in Sources */,
				88CE3C2029E0B5F2009E5FF3 /* FoodPage.swift in Sources */,
				88DBFEEC29C4E9FE007C6E93 /* CameraMenu.swift in Sources */,
				43E3F17529E6102000926B50 /* PublicProfile.swift in Sources */,
				882D552D29D7556300487B46 /* RingView.swift in Sources */,
				43E4B7922984547300538495 /* SearchResultButton.swift in Sources */,
				88FC1D8E29E4764200814F22 /* MenuButtonStyle.swift in Sources */,
				435E403229DF7EE40063AD4B /* SearchUserPage.swift in Sources */,
				884490EC29B3EDE200C7BA07 /* AllergenButton.swift in Sources */,
				88FB08DD29DC999500596AF5 /* Search2.swift in Sources */,
				43E4B777297F18C800538495 /* InstructionSlider.swift in Sources */,
				4387FE2329A7D470005C2464 /* AnimScroller.swift in Sources */,
				8864360E2994AD4100FB28D4 /* FavoritesButton.swift in Sources */,
				43E4B7902984407100538495 /* GradeAlertView.swift in Sources */,
				4355DEAB299178EF00C388A4 /* IconVM.swift in Sources */,
				88CE67E529D3FEB4000FF59A /* FoodLogInputView.swift in Sources */,
				8815B0A129402D9B007FBB17 /* LoginPage.swift in Sources */,
				43ECC6B429DB2A35000E0497 /* Post.swift in Sources */,
				435E402129DC9C4D0063AD4B /* PostView.swift in Sources */,
				43ECC6BB29DB3F32000E0497 /* ExploreToggle.swift in Sources */,
				88BE1526294BB3E1001AE321 /* NutrientsPage.swift in Sources */,
				882D1DF429394A99002EFDC8 /* CameraView.swift in Sources */,
				43C035BB29B14D3600FB9A43 /* CameraTabsOverlay.swift in Sources */,
				882D1DFC29394B69002EFDC8 /* Placeholder.swift in Sources */,
				882D1DF029394992002EFDC8 /* NavModel.swift in Sources */,
				43C035AE29AE6F9D00FB9A43 /* IncorrectInfoView.swift in Sources */,
				88BE151D294BB321001AE321 /* ScannedBarcode.swift in Sources */,
				88BE1519294BB2E1001AE321 /* Nutriments.swift in Sources */,
				4355DEA9299178B200C388A4 /* IconModel.swift in Sources */,
				88DBFEEA29C4E716007C6E93 /* Fridge.swift in Sources */,
				43E3F17D29E87FC600926B50 /* FollowerListView.swift in Sources */,
				43E4B775297F02C000538495 /* PagingView.swift in Sources */,
				88BE1524294BB3C2001AE321 /* IngredientsList.swift in Sources */,
				88C76D4129AC55F000289E57 /* GradeButton.swift in Sources */,
				88607D56294CFA6900602FE3 /* Favorites.swift in Sources */,
				88BE1532294BB495001AE321 /* NutrientTagsList.swift in Sources */,
				88DAABA429505DE4001E0AC6 /* AnimManager.swift in Sources */,
				88E0412A298DD02800E4C823 /* Notifications.swift in Sources */,
				43E4B77929808EF100538495 /* UserViewModel.swift in Sources */,
				43E3F17929E8787F00926B50 /* FollowingListView.swift in Sources */,
				43E3F17F29E8812A00926B50 /* FollowerListItem.swift in Sources */,
				88DF4F8029E3413B00CA4EE7 /* FavoriteFoodButton.swift in Sources */,
			);
			runOnlyForDeploymentPostprocessing = 0;
		};
/* End PBXSourcesBuildPhase section */

/* Begin XCBuildConfiguration section */
		882D1DD229393F1A002EFDC8 /* Debug */ = {
			isa = XCBuildConfiguration;
			buildSettings = {
				ALWAYS_SEARCH_USER_PATHS = NO;
				CLANG_ANALYZER_NONNULL = YES;
				CLANG_ANALYZER_NUMBER_OBJECT_CONVERSION = YES_AGGRESSIVE;
				CLANG_CXX_LANGUAGE_STANDARD = "gnu++20";
				CLANG_ENABLE_MODULES = YES;
				CLANG_ENABLE_OBJC_ARC = YES;
				CLANG_ENABLE_OBJC_WEAK = YES;
				CLANG_WARN_BLOCK_CAPTURE_AUTORELEASING = YES;
				CLANG_WARN_BOOL_CONVERSION = YES;
				CLANG_WARN_COMMA = YES;
				CLANG_WARN_CONSTANT_CONVERSION = YES;
				CLANG_WARN_DEPRECATED_OBJC_IMPLEMENTATIONS = YES;
				CLANG_WARN_DIRECT_OBJC_ISA_USAGE = YES_ERROR;
				CLANG_WARN_DOCUMENTATION_COMMENTS = YES;
				CLANG_WARN_EMPTY_BODY = YES;
				CLANG_WARN_ENUM_CONVERSION = YES;
				CLANG_WARN_INFINITE_RECURSION = YES;
				CLANG_WARN_INT_CONVERSION = YES;
				CLANG_WARN_NON_LITERAL_NULL_CONVERSION = YES;
				CLANG_WARN_OBJC_IMPLICIT_RETAIN_SELF = YES;
				CLANG_WARN_OBJC_LITERAL_CONVERSION = YES;
				CLANG_WARN_OBJC_ROOT_CLASS = YES_ERROR;
				CLANG_WARN_QUOTED_INCLUDE_IN_FRAMEWORK_HEADER = YES;
				CLANG_WARN_RANGE_LOOP_ANALYSIS = YES;
				CLANG_WARN_STRICT_PROTOTYPES = YES;
				CLANG_WARN_SUSPICIOUS_MOVE = YES;
				CLANG_WARN_UNGUARDED_AVAILABILITY = YES_AGGRESSIVE;
				CLANG_WARN_UNREACHABLE_CODE = YES;
				CLANG_WARN__DUPLICATE_METHOD_MATCH = YES;
				COPY_PHASE_STRIP = NO;
				DEBUG_INFORMATION_FORMAT = dwarf;
				ENABLE_STRICT_OBJC_MSGSEND = YES;
				ENABLE_TESTABILITY = YES;
				GCC_C_LANGUAGE_STANDARD = gnu11;
				GCC_DYNAMIC_NO_PIC = NO;
				GCC_NO_COMMON_BLOCKS = YES;
				GCC_OPTIMIZATION_LEVEL = 0;
				GCC_PREPROCESSOR_DEFINITIONS = (
					"DEBUG=1",
					"$(inherited)",
				);
				GCC_WARN_64_TO_32_BIT_CONVERSION = YES;
				GCC_WARN_ABOUT_RETURN_TYPE = YES_ERROR;
				GCC_WARN_UNDECLARED_SELECTOR = YES;
				GCC_WARN_UNINITIALIZED_AUTOS = YES_AGGRESSIVE;
				GCC_WARN_UNUSED_FUNCTION = YES;
				GCC_WARN_UNUSED_VARIABLE = YES;
				IPHONEOS_DEPLOYMENT_TARGET = 16.1;
				MTL_ENABLE_DEBUG_INFO = INCLUDE_SOURCE;
				MTL_FAST_MATH = YES;
				ONLY_ACTIVE_ARCH = YES;
				SDKROOT = iphoneos;
				SWIFT_ACTIVE_COMPILATION_CONDITIONS = DEBUG;
				SWIFT_OPTIMIZATION_LEVEL = "-Onone";
			};
			name = Debug;
		};
		882D1DD329393F1A002EFDC8 /* Release */ = {
			isa = XCBuildConfiguration;
			buildSettings = {
				ALWAYS_SEARCH_USER_PATHS = NO;
				CLANG_ANALYZER_NONNULL = YES;
				CLANG_ANALYZER_NUMBER_OBJECT_CONVERSION = YES_AGGRESSIVE;
				CLANG_CXX_LANGUAGE_STANDARD = "gnu++20";
				CLANG_ENABLE_MODULES = YES;
				CLANG_ENABLE_OBJC_ARC = YES;
				CLANG_ENABLE_OBJC_WEAK = YES;
				CLANG_WARN_BLOCK_CAPTURE_AUTORELEASING = YES;
				CLANG_WARN_BOOL_CONVERSION = YES;
				CLANG_WARN_COMMA = YES;
				CLANG_WARN_CONSTANT_CONVERSION = YES;
				CLANG_WARN_DEPRECATED_OBJC_IMPLEMENTATIONS = YES;
				CLANG_WARN_DIRECT_OBJC_ISA_USAGE = YES_ERROR;
				CLANG_WARN_DOCUMENTATION_COMMENTS = YES;
				CLANG_WARN_EMPTY_BODY = YES;
				CLANG_WARN_ENUM_CONVERSION = YES;
				CLANG_WARN_INFINITE_RECURSION = YES;
				CLANG_WARN_INT_CONVERSION = YES;
				CLANG_WARN_NON_LITERAL_NULL_CONVERSION = YES;
				CLANG_WARN_OBJC_IMPLICIT_RETAIN_SELF = YES;
				CLANG_WARN_OBJC_LITERAL_CONVERSION = YES;
				CLANG_WARN_OBJC_ROOT_CLASS = YES_ERROR;
				CLANG_WARN_QUOTED_INCLUDE_IN_FRAMEWORK_HEADER = YES;
				CLANG_WARN_RANGE_LOOP_ANALYSIS = YES;
				CLANG_WARN_STRICT_PROTOTYPES = YES;
				CLANG_WARN_SUSPICIOUS_MOVE = YES;
				CLANG_WARN_UNGUARDED_AVAILABILITY = YES_AGGRESSIVE;
				CLANG_WARN_UNREACHABLE_CODE = YES;
				CLANG_WARN__DUPLICATE_METHOD_MATCH = YES;
				COPY_PHASE_STRIP = NO;
				DEBUG_INFORMATION_FORMAT = "dwarf-with-dsym";
				ENABLE_NS_ASSERTIONS = NO;
				ENABLE_STRICT_OBJC_MSGSEND = YES;
				GCC_C_LANGUAGE_STANDARD = gnu11;
				GCC_NO_COMMON_BLOCKS = YES;
				GCC_WARN_64_TO_32_BIT_CONVERSION = YES;
				GCC_WARN_ABOUT_RETURN_TYPE = YES_ERROR;
				GCC_WARN_UNDECLARED_SELECTOR = YES;
				GCC_WARN_UNINITIALIZED_AUTOS = YES_AGGRESSIVE;
				GCC_WARN_UNUSED_FUNCTION = YES;
				GCC_WARN_UNUSED_VARIABLE = YES;
				IPHONEOS_DEPLOYMENT_TARGET = 16.1;
				MTL_ENABLE_DEBUG_INFO = NO;
				MTL_FAST_MATH = YES;
				SDKROOT = iphoneos;
				SWIFT_COMPILATION_MODE = wholemodule;
				SWIFT_OPTIMIZATION_LEVEL = "-O";
				VALIDATE_PRODUCT = YES;
			};
			name = Release;
		};
		882D1DD529393F1A002EFDC8 /* Debug */ = {
			isa = XCBuildConfiguration;
			buildSettings = {
				ASSETCATALOG_COMPILER_APPICON_NAME = AppIcon;
				ASSETCATALOG_COMPILER_GLOBAL_ACCENT_COLOR_NAME = AccentColor;
				CODE_SIGN_ENTITLEMENTS = Anim/Anim.entitlements;
				CODE_SIGN_STYLE = Automatic;
				CURRENT_PROJECT_VERSION = 1;
				DEVELOPMENT_ASSET_PATHS = "\"Anim/Preview Content\"";
				DEVELOPMENT_TEAM = 9HDBMQNLD8;
				ENABLE_PREVIEWS = YES;
				GENERATE_INFOPLIST_FILE = YES;
				INFOPLIST_FILE = Anim/Info.plist;
				INFOPLIST_KEY_CFBundleDisplayName = Anim;
				INFOPLIST_KEY_LSApplicationCategoryType = "public.app-category.food-and-drink";
				INFOPLIST_KEY_NSCameraUsageDescription = "Anim needs camera access to scan barcodes.";
				INFOPLIST_KEY_UIApplicationSceneManifest_Generation = YES;
				INFOPLIST_KEY_UIApplicationSupportsIndirectInputEvents = YES;
				INFOPLIST_KEY_UILaunchStoryboardName = "Launch Screen.storyboard";
				INFOPLIST_KEY_UISupportedInterfaceOrientations = UIInterfaceOrientationPortrait;
				INFOPLIST_KEY_UISupportedInterfaceOrientations_iPad = "UIInterfaceOrientationLandscapeLeft UIInterfaceOrientationLandscapeRight UIInterfaceOrientationPortrait UIInterfaceOrientationPortraitUpsideDown";
				IPHONEOS_DEPLOYMENT_TARGET = 16.0;
				LD_RUNPATH_SEARCH_PATHS = (
					"$(inherited)",
					"@executable_path/Frameworks",
				);
				MARKETING_VERSION = 3.0.1;
				PRODUCT_BUNDLE_IDENTIFIER = com.AnimLLC.Anim;
				PRODUCT_NAME = "$(TARGET_NAME)";
				SUPPORTED_PLATFORMS = "iphoneos iphonesimulator";
				SUPPORTS_MACCATALYST = NO;
				SUPPORTS_MAC_DESIGNED_FOR_IPHONE_IPAD = NO;
				SWIFT_EMIT_LOC_STRINGS = YES;
				SWIFT_VERSION = 5.0;
				TARGETED_DEVICE_FAMILY = 1;
			};
			name = Debug;
		};
		882D1DD629393F1A002EFDC8 /* Release */ = {
			isa = XCBuildConfiguration;
			buildSettings = {
				ASSETCATALOG_COMPILER_APPICON_NAME = AppIcon;
				ASSETCATALOG_COMPILER_GLOBAL_ACCENT_COLOR_NAME = AccentColor;
				CODE_SIGN_ENTITLEMENTS = Anim/Anim.entitlements;
				CODE_SIGN_STYLE = Automatic;
				CURRENT_PROJECT_VERSION = 1;
				DEVELOPMENT_ASSET_PATHS = "\"Anim/Preview Content\"";
				DEVELOPMENT_TEAM = 9HDBMQNLD8;
				ENABLE_PREVIEWS = YES;
				GENERATE_INFOPLIST_FILE = YES;
				INFOPLIST_FILE = Anim/Info.plist;
				INFOPLIST_KEY_CFBundleDisplayName = Anim;
				INFOPLIST_KEY_LSApplicationCategoryType = "public.app-category.food-and-drink";
				INFOPLIST_KEY_NSCameraUsageDescription = "Anim needs camera access to scan barcodes.";
				INFOPLIST_KEY_UIApplicationSceneManifest_Generation = YES;
				INFOPLIST_KEY_UIApplicationSupportsIndirectInputEvents = YES;
				INFOPLIST_KEY_UILaunchStoryboardName = "Launch Screen.storyboard";
				INFOPLIST_KEY_UISupportedInterfaceOrientations = UIInterfaceOrientationPortrait;
				INFOPLIST_KEY_UISupportedInterfaceOrientations_iPad = "UIInterfaceOrientationLandscapeLeft UIInterfaceOrientationLandscapeRight UIInterfaceOrientationPortrait UIInterfaceOrientationPortraitUpsideDown";
				IPHONEOS_DEPLOYMENT_TARGET = 16.0;
				LD_RUNPATH_SEARCH_PATHS = (
					"$(inherited)",
					"@executable_path/Frameworks",
				);
				MARKETING_VERSION = 3.0.1;
				PRODUCT_BUNDLE_IDENTIFIER = com.AnimLLC.Anim;
				PRODUCT_NAME = "$(TARGET_NAME)";
				SUPPORTED_PLATFORMS = "iphoneos iphonesimulator";
				SUPPORTS_MACCATALYST = NO;
				SUPPORTS_MAC_DESIGNED_FOR_IPHONE_IPAD = NO;
				SWIFT_EMIT_LOC_STRINGS = YES;
				SWIFT_VERSION = 5.0;
				TARGETED_DEVICE_FAMILY = 1;
			};
			name = Release;
		};
/* End XCBuildConfiguration section */

/* Begin XCConfigurationList section */
		882D1DC129393F1A002EFDC8 /* Build configuration list for PBXProject "Anim" */ = {
			isa = XCConfigurationList;
			buildConfigurations = (
				882D1DD229393F1A002EFDC8 /* Debug */,
				882D1DD329393F1A002EFDC8 /* Release */,
			);
			defaultConfigurationIsVisible = 0;
			defaultConfigurationName = Release;
		};
		882D1DD429393F1A002EFDC8 /* Build configuration list for PBXNativeTarget "Anim" */ = {
			isa = XCConfigurationList;
			buildConfigurations = (
				882D1DD529393F1A002EFDC8 /* Debug */,
				882D1DD629393F1A002EFDC8 /* Release */,
			);
			defaultConfigurationIsVisible = 0;
			defaultConfigurationName = Release;
		};
/* End XCConfigurationList section */

/* Begin XCRemoteSwiftPackageReference section */
		43E4B77E2980B5CD00538495 /* XCRemoteSwiftPackageReference "firebase-ios-sdk" */ = {
			isa = XCRemoteSwiftPackageReference;
			repositoryURL = "https://github.com/firebase/firebase-ios-sdk";
			requirement = {
				kind = upToNextMajorVersion;
				minimumVersion = 9.0.0;
			};
		};
		882D1DD729394613002EFDC8 /* XCRemoteSwiftPackageReference "Alamofire" */ = {
			isa = XCRemoteSwiftPackageReference;
			repositoryURL = "https://github.com/Alamofire/Alamofire.git";
			requirement = {
				kind = upToNextMajorVersion;
				minimumVersion = 5.0.0;
			};
		};
		882D1DDA29394633002EFDC8 /* XCRemoteSwiftPackageReference "swiftui-cached-async-image" */ = {
			isa = XCRemoteSwiftPackageReference;
			repositoryURL = "https://github.com/lorenzofiamingo/swiftui-cached-async-image";
			requirement = {
				kind = upToNextMajorVersion;
				minimumVersion = 2.0.0;
			};
		};
		88CB6AAC2988A0B000184BC2 /* XCRemoteSwiftPackageReference "GoogleSignIn-iOS" */ = {
			isa = XCRemoteSwiftPackageReference;
			repositoryURL = "https://github.com/google/GoogleSignIn-iOS";
			requirement = {
				kind = upToNextMajorVersion;
				minimumVersion = 6.0.0;
			};
		};
/* End XCRemoteSwiftPackageReference section */

/* Begin XCSwiftPackageProductDependency section */
		43E4B77F2980B5CD00538495 /* FirebaseAnalytics */ = {
			isa = XCSwiftPackageProductDependency;
			package = 43E4B77E2980B5CD00538495 /* XCRemoteSwiftPackageReference "firebase-ios-sdk" */;
			productName = FirebaseAnalytics;
		};
		43E4B7812980B5CD00538495 /* FirebaseAuth */ = {
			isa = XCSwiftPackageProductDependency;
			package = 43E4B77E2980B5CD00538495 /* XCRemoteSwiftPackageReference "firebase-ios-sdk" */;
			productName = FirebaseAuth;
		};
		43E4B7832980B5CD00538495 /* FirebaseDatabase */ = {
			isa = XCSwiftPackageProductDependency;
			package = 43E4B77E2980B5CD00538495 /* XCRemoteSwiftPackageReference "firebase-ios-sdk" */;
			productName = FirebaseDatabase;
		};
		43E4B7852980B5CD00538495 /* FirebaseFirestore */ = {
			isa = XCSwiftPackageProductDependency;
			package = 43E4B77E2980B5CD00538495 /* XCRemoteSwiftPackageReference "firebase-ios-sdk" */;
			productName = FirebaseFirestore;
		};
		43E4B7872980B5CD00538495 /* FirebaseFirestoreSwift */ = {
			isa = XCSwiftPackageProductDependency;
			package = 43E4B77E2980B5CD00538495 /* XCRemoteSwiftPackageReference "firebase-ios-sdk" */;
			productName = FirebaseFirestoreSwift;
		};
		882D1DD829394613002EFDC8 /* Alamofire */ = {
			isa = XCSwiftPackageProductDependency;
			package = 882D1DD729394613002EFDC8 /* XCRemoteSwiftPackageReference "Alamofire" */;
			productName = Alamofire;
		};
		882D1DDB29394633002EFDC8 /* CachedAsyncImage */ = {
			isa = XCSwiftPackageProductDependency;
			package = 882D1DDA29394633002EFDC8 /* XCRemoteSwiftPackageReference "swiftui-cached-async-image" */;
			productName = CachedAsyncImage;
		};
		88CB6AAD2988A0B000184BC2 /* GoogleSignIn */ = {
			isa = XCSwiftPackageProductDependency;
			package = 88CB6AAC2988A0B000184BC2 /* XCRemoteSwiftPackageReference "GoogleSignIn-iOS" */;
			productName = GoogleSignIn;
		};
/* End XCSwiftPackageProductDependency section */
	};
	rootObject = 882D1DBE29393F1A002EFDC8 /* Project object */;
}
